{
  "name": "1029",
  "version": "1.0.0",
  "lockfileVersion": 3,
  "requires": true,
  "packages": {
    "": {
      "name": "1029",
      "version": "1.0.0",
      "dependencies": {
        "@supabase/supabase-js": "file:packages/supabase-js",
        "next": "file:packages/next",
        "react": "file:packages/react",
        "react-dom": "file:packages/react-dom"
      },
      "devDependencies": {
        "autoprefixer": "file:packages/autoprefixer",
        "postcss": "file:packages/postcss",
        "tailwindcss": "file:packages/tailwindcss",
        "typescript": "file:packages/typescript"
      }
    },
    "node_modules/@supabase/supabase-js": {
      "resolved": "packages/supabase-js",
      "link": true
    },
    "node_modules/autoprefixer": {
      "resolved": "packages/autoprefixer",
      "link": true
    },
    "node_modules/next": {
      "resolved": "packages/next",
      "link": true
    },
    "node_modules/postcss": {
      "resolved": "packages/postcss",
      "link": true
    },
    "node_modules/react": {
      "resolved": "packages/react",
      "link": true
    },
    "node_modules/react-dom": {
      "resolved": "packages/react-dom",
      "link": true
    },
    "node_modules/tailwindcss": {
      "resolved": "packages/tailwindcss",
      "link": true
    },
    "node_modules/typescript": {
      "resolved": "packages/typescript",
      "link": true
    },
    "packages/autoprefixer": {
      "version": "10.4.19",
      "dev": true
    },
    "packages/next": {
      "version": "14.2.3",
      "bin": {
        "next": "bin/next.js"
      }
    },
    "packages/postcss": {
      "version": "8.4.39",
      "dev": true
    },
    "packages/react": {
      "version": "18.3.1"
    },
    "packages/react-dom": {
      "version": "18.3.1"
    },
    "packages/supabase-js": {
      "name": "@supabase/supabase-js",
      "version": "0.0.0"
    },
    "packages/tailwindcss": {
      "version": "3.4.4",
      "dev": true
    },
    "packages/typescript": {
      "version": "5.4.5",
      "dev": true,
      "bin": {
        "tsc": "bin/tsc.js"
      }
    }
  }
}
